
Microsoft Visual Studio Solution File, Format Version 12.00
# Visual Studio Version 17
VisualStudioVersion = 17.7.34024.191
MinimumVisualStudioVersion = 10.0.40219.1
Project("{FAE04EC0-301F-11D3-BF4B-00C04F79EFBC}") = "AssignmentML", "AssignmentML\AssignmentML.csproj", "{247E3FCF-EEF1-4FA3-8F9D-C00562F6F1E5}"
EndProject
Global
	GlobalSection(SolutionConfigurationPlatforms) = preSolution
		Debug|Any CPU = Debug|Any CPU
		Release|Any CPU = Release|Any CPU
	EndGlobalSection
	GlobalSection(ProjectConfigurationPlatforms) = postSolution
		{247E3FCF-EEF1-4FA3-8F9D-C00562F6F1E5}.Debug|Any CPU.ActiveCfg = Debug|Any CPU
		{247E3FCF-EEF1-4FA3-8F9D-C00562F6F1E5}.Debug|Any CPU.Build.0 = Debug|Any CPU
		{247E3FCF-EEF1-4FA3-8F9D-C00562F6F1E5}.Release|Any CPU.ActiveCfg = Release|Any CPU
		{247E3FCF-EEF1-4FA3-8F9D-C00562F6F1E5}.Release|Any CPU.Build.0 = Release|Any CPU
	EndGlobalSection
	GlobalSection(SolutionProperties) = preSolution
		HideSolutionNode = FALSE
	EndGlobalSection
	GlobalSection(ExtensibilityGlobals) = postSolution
		SolutionGuid = {EFC73FB9-F9D7-40BD-B4C8-B79773C7F445}
	EndGlobalSection
EndGlobal
